
Microsoft Visual Studio Solution File, Format Version 12.00
# Visual Studio Version 17
VisualStudioVersion = 17.14.36301.6 d17.14
MinimumVisualStudioVersion = 10.0.40219.1
Project("{FAE04EC0-301F-11D3-BF4B-00C04F79EFBC}") = "PRN231_SU25_SE183208.api", "PRN231_SU25_SE183208.api\PRN231_SU25_SE183208.api.csproj", "{40EEAB2C-FE78-4170-93CC-3947B1683F7F}"
EndProject
Project("{FAE04EC0-301F-11D3-BF4B-00C04F79EFBC}") = "DataAccess", "DataAccess\DataAccess.csproj", "{AD21981E-C26A-4B28-91D9-62800FB65348}"
EndProject
Project("{FAE04EC0-301F-11D3-BF4B-00C04F79EFBC}") = "Business", "Business\Business.csproj", "{59BA3249-8999-43AC-92B3-3D834B6B341C}"
EndProject
Global
	GlobalSection(SolutionConfigurationPlatforms) = preSolution
		Debug|Any CPU = Debug|Any CPU
		Release|Any CPU = Release|Any CPU
	EndGlobalSection
	GlobalSection(ProjectConfigurationPlatforms) = postSolution
		{40EEAB2C-FE78-4170-93CC-3947B1683F7F}.Debug|Any CPU.ActiveCfg = Debug|Any CPU
		{40EEAB2C-FE78-4170-93CC-3947B1683F7F}.Debug|Any CPU.Build.0 = Debug|Any CPU
		{40EEAB2C-FE78-4170-93CC-3947B1683F7F}.Release|Any CPU.ActiveCfg = Release|Any CPU
		{40EEAB2C-FE78-4170-93CC-3947B1683F7F}.Release|Any CPU.Build.0 = Release|Any CPU
		{AD21981E-C26A-4B28-91D9-62800FB65348}.Debug|Any CPU.ActiveCfg = Debug|Any CPU
		{AD21981E-C26A-4B28-91D9-62800FB65348}.Debug|Any CPU.Build.0 = Debug|Any CPU
		{AD21981E-C26A-4B28-91D9-62800FB65348}.Release|Any CPU.ActiveCfg = Release|Any CPU
		{AD21981E-C26A-4B28-91D9-62800FB65348}.Release|Any CPU.Build.0 = Release|Any CPU
		{59BA3249-8999-43AC-92B3-3D834B6B341C}.Debug|Any CPU.ActiveCfg = Debug|Any CPU
		{59BA3249-8999-43AC-92B3-3D834B6B341C}.Debug|Any CPU.Build.0 = Debug|Any CPU
		{59BA3249-8999-43AC-92B3-3D834B6B341C}.Release|Any CPU.ActiveCfg = Release|Any CPU
		{59BA3249-8999-43AC-92B3-3D834B6B341C}.Release|Any CPU.Build.0 = Release|Any CPU
	EndGlobalSection
	GlobalSection(SolutionProperties) = preSolution
		HideSolutionNode = FALSE
	EndGlobalSection
	GlobalSection(ExtensibilityGlobals) = postSolution
		SolutionGuid = {6BD8C508-6A75-490D-9795-7C0F8E8009F0}
	EndGlobalSection
EndGlobal
